
Microsoft Visual Studio Solution File, Format Version 12.00
# Visual Studio 2013
VisualStudioVersion = 12.0.30110.0
MinimumVisualStudioVersion = 10.0.40219.1
Project("{FAE04EC0-301F-11D3-BF4B-00C04F79EFBC}") = "CubeProject", "CubeProject.Shell\CubeProject.csproj", "{27D6779F-013C-47D4-87DA-65962D4EDEC2}"
EndProject
Project("{FAE04EC0-301F-11D3-BF4B-00C04F79EFBC}") = "CubeProject.Infrastructure", "CubeProject.Infrastructure\CubeProject.Infrastructure.csproj", "{C5EB436C-2A75-4D43-9FF4-058407DB9476}"
EndProject
Project("{2150E333-8FDC-42A3-9474-1A3956D46DE8}") = "UnitTests", "UnitTests", "{49461DDE-9D98-40A5-8E9A-84B080C24B5B}"
EndProject
Project("{2150E333-8FDC-42A3-9474-1A3956D46DE8}") = "Modules", "Modules", "{400CBE97-9067-48B1-B5F8-F376E88790DA}"
EndProject
Project("{2150E333-8FDC-42A3-9474-1A3956D46DE8}") = "Common", "Common", "{90D513FE-1C11-4332-A48A-75ABB8E74219}"
EndProject
Project("{FAE04EC0-301F-11D3-BF4B-00C04F79EFBC}") = "CubeProject.Modules.Common", "CubeProject.Modules.Common\CubeProject.Modules.Common.csproj", "{479B704E-98A1-4273-86D9-1332CDFFB5CE}"
EndProject
Project("{FAE04EC0-301F-11D3-BF4B-00C04F79EFBC}") = "CubeProject.Modules.Common.Tests", "CubeProject.Modules.Common.Tests\CubeProject.Modules.Common.Tests.csproj", "{C5619E9D-A281-4763-8F17-37A46232839A}"
EndProject
Project("{FAE04EC0-301F-11D3-BF4B-00C04F79EFBC}") = "CubeProject.Data", "CubeProject.Data\CubeProject.Data.csproj", "{1C062B6B-C585-4624-BB7F-8E13C1AD6D82}"
EndProject
Project("{FAE04EC0-301F-11D3-BF4B-00C04F79EFBC}") = "CubeProject.Modules.Editor", "CubeProject.Modules.Editor\CubeProject.Modules.Editor.csproj", "{E05B05C3-4CF2-43BE-A4A0-A2EF7526268B}"
EndProject
Project("{2150E333-8FDC-42A3-9474-1A3956D46DE8}") = "Domain", "Domain", "{EE7CD9EE-A55D-4233-834B-4424CDD42EC2}"
EndProject
Project("{FAE04EC0-301F-11D3-BF4B-00C04F79EFBC}") = "CubeProject.Data.Tests", "CubeProject.Data.Tests\CubeProject.Data.Tests.csproj", "{E71EDF88-FBF9-4476-989D-5888D46B1FC3}"
EndProject
Project("{FAE04EC0-301F-11D3-BF4B-00C04F79EFBC}") = "CubeProject.Graphics", "CubeProject.Graphics\CubeProject.Graphics.csproj", "{E4E9F185-9CB6-4D00-B7CF-9548F5A3A323}"
EndProject
Global
	GlobalSection(SolutionConfigurationPlatforms) = preSolution
		Debug|Any CPU = Debug|Any CPU
		Debug|x64 = Debug|x64
		Debug|x86 = Debug|x86
		Release|Any CPU = Release|Any CPU
		Release|x64 = Release|x64
		Release|x86 = Release|x86
	EndGlobalSection
	GlobalSection(ProjectConfigurationPlatforms) = postSolution
		{27D6779F-013C-47D4-87DA-65962D4EDEC2}.Debug|Any CPU.ActiveCfg = Debug|Any CPU
		{27D6779F-013C-47D4-87DA-65962D4EDEC2}.Debug|Any CPU.Build.0 = Debug|Any CPU
		{27D6779F-013C-47D4-87DA-65962D4EDEC2}.Debug|x64.ActiveCfg = Debug|x64
		{27D6779F-013C-47D4-87DA-65962D4EDEC2}.Debug|x64.Build.0 = Debug|x64
		{27D6779F-013C-47D4-87DA-65962D4EDEC2}.Debug|x86.ActiveCfg = Debug|x86
		{27D6779F-013C-47D4-87DA-65962D4EDEC2}.Debug|x86.Build.0 = Debug|x86
		{27D6779F-013C-47D4-87DA-65962D4EDEC2}.Release|Any CPU.ActiveCfg = Release|Any CPU
		{27D6779F-013C-47D4-87DA-65962D4EDEC2}.Release|Any CPU.Build.0 = Release|Any CPU
		{27D6779F-013C-47D4-87DA-65962D4EDEC2}.Release|x64.ActiveCfg = Release|x64
		{27D6779F-013C-47D4-87DA-65962D4EDEC2}.Release|x64.Build.0 = Release|x64
		{27D6779F-013C-47D4-87DA-65962D4EDEC2}.Release|x86.ActiveCfg = Release|x86
		{27D6779F-013C-47D4-87DA-65962D4EDEC2}.Release|x86.Build.0 = Release|x86
		{C5EB436C-2A75-4D43-9FF4-058407DB9476}.Debug|Any CPU.ActiveCfg = Debug|Any CPU
		{C5EB436C-2A75-4D43-9FF4-058407DB9476}.Debug|Any CPU.Build.0 = Debug|Any CPU
		{C5EB436C-2A75-4D43-9FF4-058407DB9476}.Debug|x64.ActiveCfg = Debug|x64
		{C5EB436C-2A75-4D43-9FF4-058407DB9476}.Debug|x64.Build.0 = Debug|x64
		{C5EB436C-2A75-4D43-9FF4-058407DB9476}.Debug|x86.ActiveCfg = Debug|x86
		{C5EB436C-2A75-4D43-9FF4-058407DB9476}.Debug|x86.Build.0 = Debug|x86
		{C5EB436C-2A75-4D43-9FF4-058407DB9476}.Release|Any CPU.ActiveCfg = Release|Any CPU
		{C5EB436C-2A75-4D43-9FF4-058407DB9476}.Release|Any CPU.Build.0 = Release|Any CPU
		{C5EB436C-2A75-4D43-9FF4-058407DB9476}.Release|x64.ActiveCfg = Release|x64
		{C5EB436C-2A75-4D43-9FF4-058407DB9476}.Release|x64.Build.0 = Release|x64
		{C5EB436C-2A75-4D43-9FF4-058407DB9476}.Release|x86.ActiveCfg = Release|x86
		{C5EB436C-2A75-4D43-9FF4-058407DB9476}.Release|x86.Build.0 = Release|x86
		{479B704E-98A1-4273-86D9-1332CDFFB5CE}.Debug|Any CPU.ActiveCfg = Debug|Any CPU
		{479B704E-98A1-4273-86D9-1332CDFFB5CE}.Debug|Any CPU.Build.0 = Debug|Any CPU
		{479B704E-98A1-4273-86D9-1332CDFFB5CE}.Debug|x64.ActiveCfg = Debug|x64
		{479B704E-98A1-4273-86D9-1332CDFFB5CE}.Debug|x64.Build.0 = Debug|x64
		{479B704E-98A1-4273-86D9-1332CDFFB5CE}.Debug|x86.ActiveCfg = Debug|x86
		{479B704E-98A1-4273-86D9-1332CDFFB5CE}.Debug|x86.Build.0 = Debug|x86
		{479B704E-98A1-4273-86D9-1332CDFFB5CE}.Release|Any CPU.ActiveCfg = Release|Any CPU
		{479B704E-98A1-4273-86D9-1332CDFFB5CE}.Release|Any CPU.Build.0 = Release|Any CPU
		{479B704E-98A1-4273-86D9-1332CDFFB5CE}.Release|x64.ActiveCfg = Release|x64
		{479B704E-98A1-4273-86D9-1332CDFFB5CE}.Release|x64.Build.0 = Release|x64
		{479B704E-98A1-4273-86D9-1332CDFFB5CE}.Release|x86.ActiveCfg = Release|x86
		{479B704E-98A1-4273-86D9-1332CDFFB5CE}.Release|x86.Build.0 = Release|x86
		{C5619E9D-A281-4763-8F17-37A46232839A}.Debug|Any CPU.ActiveCfg = Debug|Any CPU
		{C5619E9D-A281-4763-8F17-37A46232839A}.Debug|Any CPU.Build.0 = Debug|Any CPU
		{C5619E9D-A281-4763-8F17-37A46232839A}.Debug|x64.ActiveCfg = Debug|x64
		{C5619E9D-A281-4763-8F17-37A46232839A}.Debug|x64.Build.0 = Debug|x64
		{C5619E9D-A281-4763-8F17-37A46232839A}.Debug|x86.ActiveCfg = Debug|x86
		{C5619E9D-A281-4763-8F17-37A46232839A}.Debug|x86.Build.0 = Debug|x86
		{C5619E9D-A281-4763-8F17-37A46232839A}.Release|Any CPU.ActiveCfg = Release|Any CPU
		{C5619E9D-A281-4763-8F17-37A46232839A}.Release|Any CPU.Build.0 = Release|Any CPU
		{C5619E9D-A281-4763-8F17-37A46232839A}.Release|x64.ActiveCfg = Release|x64
		{C5619E9D-A281-4763-8F17-37A46232839A}.Release|x64.Build.0 = Release|x64
		{C5619E9D-A281-4763-8F17-37A46232839A}.Release|x86.ActiveCfg = Release|x86
		{C5619E9D-A281-4763-8F17-37A46232839A}.Release|x86.Build.0 = Release|x86
		{1C062B6B-C585-4624-BB7F-8E13C1AD6D82}.Debug|Any CPU.ActiveCfg = Debug|Any CPU
		{1C062B6B-C585-4624-BB7F-8E13C1AD6D82}.Debug|Any CPU.Build.0 = Debug|Any CPU
		{1C062B6B-C585-4624-BB7F-8E13C1AD6D82}.Debug|x64.ActiveCfg = Debug|x64
		{1C062B6B-C585-4624-BB7F-8E13C1AD6D82}.Debug|x64.Build.0 = Debug|x64
		{1C062B6B-C585-4624-BB7F-8E13C1AD6D82}.Debug|x86.ActiveCfg = Debug|x86
		{1C062B6B-C585-4624-BB7F-8E13C1AD6D82}.Debug|x86.Build.0 = Debug|x86
		{1C062B6B-C585-4624-BB7F-8E13C1AD6D82}.Release|Any CPU.ActiveCfg = Release|Any CPU
		{1C062B6B-C585-4624-BB7F-8E13C1AD6D82}.Release|Any CPU.Build.0 = Release|Any CPU
		{1C062B6B-C585-4624-BB7F-8E13C1AD6D82}.Release|x64.ActiveCfg = Release|x64
		{1C062B6B-C585-4624-BB7F-8E13C1AD6D82}.Release|x64.Build.0 = Release|x64
		{1C062B6B-C585-4624-BB7F-8E13C1AD6D82}.Release|x86.ActiveCfg = Release|x86
		{1C062B6B-C585-4624-BB7F-8E13C1AD6D82}.Release|x86.Build.0 = Release|x86
		{E05B05C3-4CF2-43BE-A4A0-A2EF7526268B}.Debug|Any CPU.ActiveCfg = Debug|Any CPU
		{E05B05C3-4CF2-43BE-A4A0-A2EF7526268B}.Debug|Any CPU.Build.0 = Debug|Any CPU
		{E05B05C3-4CF2-43BE-A4A0-A2EF7526268B}.Debug|x64.ActiveCfg = Debug|x64
		{E05B05C3-4CF2-43BE-A4A0-A2EF7526268B}.Debug|x64.Build.0 = Debug|x64
		{E05B05C3-4CF2-43BE-A4A0-A2EF7526268B}.Debug|x86.ActiveCfg = Debug|x86
		{E05B05C3-4CF2-43BE-A4A0-A2EF7526268B}.Debug|x86.Build.0 = Debug|x86
		{E05B05C3-4CF2-43BE-A4A0-A2EF7526268B}.Release|Any CPU.ActiveCfg = Release|Any CPU
		{E05B05C3-4CF2-43BE-A4A0-A2EF7526268B}.Release|Any CPU.Build.0 = Release|Any CPU
		{E05B05C3-4CF2-43BE-A4A0-A2EF7526268B}.Release|x64.ActiveCfg = Release|x64
		{E05B05C3-4CF2-43BE-A4A0-A2EF7526268B}.Release|x64.Build.0 = Release|x64
		{E05B05C3-4CF2-43BE-A4A0-A2EF7526268B}.Release|x86.ActiveCfg = Release|x86
		{E05B05C3-4CF2-43BE-A4A0-A2EF7526268B}.Release|x86.Build.0 = Release|x86
		{E71EDF88-FBF9-4476-989D-5888D46B1FC3}.Debug|Any CPU.ActiveCfg = Debug|Any CPU
		{E71EDF88-FBF9-4476-989D-5888D46B1FC3}.Debug|Any CPU.Build.0 = Debug|Any CPU
		{E71EDF88-FBF9-4476-989D-5888D46B1FC3}.Debug|x64.ActiveCfg = Debug|x64
		{E71EDF88-FBF9-4476-989D-5888D46B1FC3}.Debug|x64.Build.0 = Debug|x64
		{E71EDF88-FBF9-4476-989D-5888D46B1FC3}.Debug|x86.ActiveCfg = Debug|x86
		{E71EDF88-FBF9-4476-989D-5888D46B1FC3}.Debug|x86.Build.0 = Debug|x86
		{E71EDF88-FBF9-4476-989D-5888D46B1FC3}.Release|Any CPU.ActiveCfg = Release|Any CPU
		{E71EDF88-FBF9-4476-989D-5888D46B1FC3}.Release|Any CPU.Build.0 = Release|Any CPU
		{E71EDF88-FBF9-4476-989D-5888D46B1FC3}.Release|x64.ActiveCfg = Release|x64
		{E71EDF88-FBF9-4476-989D-5888D46B1FC3}.Release|x64.Build.0 = Release|x64
		{E71EDF88-FBF9-4476-989D-5888D46B1FC3}.Release|x86.ActiveCfg = Release|x86
		{E71EDF88-FBF9-4476-989D-5888D46B1FC3}.Release|x86.Build.0 = Release|x86
		{E4E9F185-9CB6-4D00-B7CF-9548F5A3A323}.Debug|Any CPU.ActiveCfg = Debug|Any CPU
		{E4E9F185-9CB6-4D00-B7CF-9548F5A3A323}.Debug|Any CPU.Build.0 = Debug|Any CPU
		{E4E9F185-9CB6-4D00-B7CF-9548F5A3A323}.Debug|x64.ActiveCfg = Debug|x64
		{E4E9F185-9CB6-4D00-B7CF-9548F5A3A323}.Debug|x64.Build.0 = Debug|x64
		{E4E9F185-9CB6-4D00-B7CF-9548F5A3A323}.Debug|x86.ActiveCfg = Debug|x86
		{E4E9F185-9CB6-4D00-B7CF-9548F5A3A323}.Debug|x86.Build.0 = Debug|x86
		{E4E9F185-9CB6-4D00-B7CF-9548F5A3A323}.Release|Any CPU.ActiveCfg = Release|Any CPU
		{E4E9F185-9CB6-4D00-B7CF-9548F5A3A323}.Release|Any CPU.Build.0 = Release|Any CPU
		{E4E9F185-9CB6-4D00-B7CF-9548F5A3A323}.Release|x64.ActiveCfg = Release|x64
		{E4E9F185-9CB6-4D00-B7CF-9548F5A3A323}.Release|x64.Build.0 = Release|x64
		{E4E9F185-9CB6-4D00-B7CF-9548F5A3A323}.Release|x86.ActiveCfg = Release|x86
		{E4E9F185-9CB6-4D00-B7CF-9548F5A3A323}.Release|x86.Build.0 = Release|x86
	EndGlobalSection
	GlobalSection(SolutionProperties) = preSolution
		HideSolutionNode = FALSE
	EndGlobalSection
	GlobalSection(NestedProjects) = preSolution
		{C5EB436C-2A75-4D43-9FF4-058407DB9476} = {90D513FE-1C11-4332-A48A-75ABB8E74219}
		{E4E9F185-9CB6-4D00-B7CF-9548F5A3A323} = {90D513FE-1C11-4332-A48A-75ABB8E74219}
		{C5619E9D-A281-4763-8F17-37A46232839A} = {49461DDE-9D98-40A5-8E9A-84B080C24B5B}
		{E71EDF88-FBF9-4476-989D-5888D46B1FC3} = {49461DDE-9D98-40A5-8E9A-84B080C24B5B}
		{479B704E-98A1-4273-86D9-1332CDFFB5CE} = {400CBE97-9067-48B1-B5F8-F376E88790DA}
		{E05B05C3-4CF2-43BE-A4A0-A2EF7526268B} = {400CBE97-9067-48B1-B5F8-F376E88790DA}
		{1C062B6B-C585-4624-BB7F-8E13C1AD6D82} = {EE7CD9EE-A55D-4233-834B-4424CDD42EC2}
	EndGlobalSection
	GlobalSection(ExtensibilityGlobals) = postSolution
		EnterpriseLibraryConfigurationToolBinariesPath = packages\Unity.2.1.505.2\lib\NET35
	EndGlobalSection
EndGlobal
